
Microsoft Visual Studio Solution File, Format Version 12.00
# Visual Studio 15
VisualStudioVersion = 15.0.28307.102
MinimumVisualStudioVersion = 10.0.40219.1
Project("{FAE04EC0-301F-11D3-BF4B-00C04F79EFBC}") = "AWM.JWT", "AWM.JWT\AWM.JWT.csproj", "{2F6C5504-692E-441C-A516-C91D6EBC246F}"
EndProject
Global
	GlobalSection(SolutionConfigurationPlatforms) = preSolution
		Debug|Any CPU = Debug|Any CPU
		Release|Any CPU = Release|Any CPU
	EndGlobalSection
	GlobalSection(ProjectConfigurationPlatforms) = postSolution
		{2F6C5504-692E-441C-A516-C91D6EBC246F}.Debug|Any CPU.ActiveCfg = Debug|Any CPU
		{2F6C5504-692E-441C-A516-C91D6EBC246F}.Debug|Any CPU.Build.0 = Debug|Any CPU
		{2F6C5504-692E-441C-A516-C91D6EBC246F}.Release|Any CPU.ActiveCfg = Release|Any CPU
		{2F6C5504-692E-441C-A516-C91D6EBC246F}.Release|Any CPU.Build.0 = Release|Any CPU
	EndGlobalSection
	GlobalSection(SolutionProperties) = preSolution
		HideSolutionNode = FALSE
	EndGlobalSection
	GlobalSection(ExtensibilityGlobals) = postSolution
		SolutionGuid = {15177F08-3B82-45AE-A8C4-76C1279F3C97}
	EndGlobalSection
EndGlobal
